// !$*UTF8*$!
{
	archiveVersion = 1;
	classes = {
	};
	objectVersion = 56;
	objects = {

/* Begin PBXBuildFile section */
		9E04A0342DECFD3700B9B9D7 /* RoutineCategoryBottomSheet.swift in Sources */ = {isa = PBXBuildFile; fileRef = 9E04A0332DECFD3700B9B9D7 /* RoutineCategoryBottomSheet.swift */; };
		9E0524822E0C7A98009ABF53 /* Models.swift in Sources */ = {isa = PBXBuildFile; fileRef = 9E0524812E0C7A98009ABF53 /* Models.swift */; };
		9E3450692DAB21C100531EBB /* SettingsViewController.swift in Sources */ = {isa = PBXBuildFile; fileRef = 9E3450682DAB21C100531EBB /* SettingsViewController.swift */; };
		9E3550052E66105F00E81D00 /* SavedProduct.swift in Sources */ = {isa = PBXBuildFile; fileRef = 9E3550042E66105F00E81D00 /* SavedProduct.swift */; };
		9E3550072E66108600E81D00 /* ProductItemCell.swift in Sources */ = {isa = PBXBuildFile; fileRef = 9E3550062E66108600E81D00 /* ProductItemCell.swift */; };
		9E3550092E6610A200E81D00 /* ProductListCell.swift in Sources */ = {isa = PBXBuildFile; fileRef = 9E3550082E6610A200E81D00 /* ProductListCell.swift */; };
		9E35500B2E6611A000E81D00 /* AddProductCollectionCell.swift in Sources */ = {isa = PBXBuildFile; fileRef = 9E35500A2E6611A000E81D00 /* AddProductCollectionCell.swift */; };
		9E35500D2E66279000E81D00 /* CategoryStore.swift in Sources */ = {isa = PBXBuildFile; fileRef = 9E35500C2E66279000E81D00 /* CategoryStore.swift */; };
		9E35500F2E6634EA00E81D00 /* ProductDetailViewController.swift in Sources */ = {isa = PBXBuildFile; fileRef = 9E35500E2E6634EA00E81D00 /* ProductDetailViewController.swift */; };
		9E50C5C42E52653500C6DC82 /* BarcodeScanCell.swift in Sources */ = {isa = PBXBuildFile; fileRef = 9E50C5C32E52653500C6DC82 /* BarcodeScanCell.swift */; };
		9E58E61C2D975B3A009F59EE /* AppDelegate.swift in Sources */ = {isa = PBXBuildFile; fileRef = 9E58E61B2D975B3A009F59EE /* AppDelegate.swift */; };
		9E58E61E2D975B3A009F59EE /* SceneDelegate.swift in Sources */ = {isa = PBXBuildFile; fileRef = 9E58E61D2D975B3A009F59EE /* SceneDelegate.swift */; };
		9E58E6232D975B3A009F59EE /* Main.storyboard in Resources */ = {isa = PBXBuildFile; fileRef = 9E58E6212D975B3A009F59EE /* Main.storyboard */; };
		9E58E6252D975B3B009F59EE /* Assets.xcassets in Resources */ = {isa = PBXBuildFile; fileRef = 9E58E6242D975B3B009F59EE /* Assets.xcassets */; };
		9E58E6282D975B3B009F59EE /* LaunchScreen.storyboard in Resources */ = {isa = PBXBuildFile; fileRef = 9E58E6262D975B3B009F59EE /* LaunchScreen.storyboard */; };
		9E58E6342D976811009F59EE /* OnboardingViewController.swift in Sources */ = {isa = PBXBuildFile; fileRef = 9E58E6332D976811009F59EE /* OnboardingViewController.swift */; };
		9E58E6362D976840009F59EE /* SplashViewController.swift in Sources */ = {isa = PBXBuildFile; fileRef = 9E58E6352D976840009F59EE /* SplashViewController.swift */; };
		9E58E6382D97686F009F59EE /* OnboardingViewModel.swift in Sources */ = {isa = PBXBuildFile; fileRef = 9E58E6372D97686F009F59EE /* OnboardingViewModel.swift */; };
		9E58E63A2D976897009F59EE /* SplashViewModel.swift in Sources */ = {isa = PBXBuildFile; fileRef = 9E58E6392D976897009F59EE /* SplashViewModel.swift */; };
		9E7AF2BA2E4A575E009034ED /* SDWebImage in Frameworks */ = {isa = PBXBuildFile; productRef = 9E7AF2B92E4A575E009034ED /* SDWebImage */; };
		9E88B2E62DC8A62B00410BB1 /* SnapKit in Frameworks */ = {isa = PBXBuildFile; productRef = 9E88B2E52DC8A62B00410BB1 /* SnapKit */; };
		9E974B092E534C2000167D54 /* SkinAnalysis.swift in Sources */ = {isa = PBXBuildFile; fileRef = 9E974B082E534C2000167D54 /* SkinAnalysis.swift */; };
		9E974B0B2E534C4600167D54 /* SkinAnalysisStore.swift in Sources */ = {isa = PBXBuildFile; fileRef = 9E974B0A2E534C4600167D54 /* SkinAnalysisStore.swift */; };
		9E974B0D2E534C6F00167D54 /* AddSelfieCell.swift in Sources */ = {isa = PBXBuildFile; fileRef = 9E974B0C2E534C6F00167D54 /* AddSelfieCell.swift */; };
		9E974B0F2E534C8300167D54 /* AnalysisHistoryItemCell.swift in Sources */ = {isa = PBXBuildFile; fileRef = 9E974B0E2E534C8300167D54 /* AnalysisHistoryItemCell.swift */; };
		9E974B112E534CB400167D54 /* AnalysisHistoryCell.swift in Sources */ = {isa = PBXBuildFile; fileRef = 9E974B102E534CB400167D54 /* AnalysisHistoryCell.swift */; };
		9E974B132E53543700167D54 /* Extensions.swift in Sources */ = {isa = PBXBuildFile; fileRef = 9E974B122E53543700167D54 /* Extensions.swift */; };
		9E974B152E538F7800167D54 /* EmptyAnalysisView.swift in Sources */ = {isa = PBXBuildFile; fileRef = 9E974B142E538F7800167D54 /* EmptyAnalysisView.swift */; };
		9EA62E482DC5718D0062EDF0 /* BottomSheetViewController.swift in Sources */ = {isa = PBXBuildFile; fileRef = 9EA62E472DC5718D0062EDF0 /* BottomSheetViewController.swift */; };
		9EA62E4A2DC575D10062EDF0 /* BottomSheetMultiSelectViewController.swift in Sources */ = {isa = PBXBuildFile; fileRef = 9EA62E492DC575D10062EDF0 /* BottomSheetMultiSelectViewController.swift */; };
		9EA62E4C2DC59B910062EDF0 /* RoutineTableViewCell.swift in Sources */ = {isa = PBXBuildFile; fileRef = 9EA62E4B2DC59B910062EDF0 /* RoutineTableViewCell.swift */; };
		9EA7727F2E5CD52C00851E3B /* AddProductViewController.swift in Sources */ = {isa = PBXBuildFile; fileRef = 9EA7727E2E5CD52C00851E3B /* AddProductViewController.swift */; };
		9EA772812E5CD6E600851E3B /* AddProductCell.swift in Sources */ = {isa = PBXBuildFile; fileRef = 9EA772802E5CD6E600851E3B /* AddProductCell.swift */; };
		9EACC7742DC4107D00290FA4 /* ProfileEnums.swift in Sources */ = {isa = PBXBuildFile; fileRef = 9EACC7732DC4107D00290FA4 /* ProfileEnums.swift */; };
		9EB029F82E1E8F8500549EF7 /* SelfiePromptCell.swift in Sources */ = {isa = PBXBuildFile; fileRef = 9EB029F72E1E8F8500549EF7 /* SelfiePromptCell.swift */; };
		9EB029FE2E1EBCAD00549EF7 /* AnalysisViewController.swift in Sources */ = {isa = PBXBuildFile; fileRef = 9EB029FD2E1EBCAD00549EF7 /* AnalysisViewController.swift */; };
		9EB02A042E1EC20900549EF7 /* CameraOverlayView.swift in Sources */ = {isa = PBXBuildFile; fileRef = 9EB02A032E1EC20900549EF7 /* CameraOverlayView.swift */; };
		9EB02A062E1EC4F000549EF7 /* CustomCameraViewController.swift in Sources */ = {isa = PBXBuildFile; fileRef = 9EB02A052E1EC4F000549EF7 /* CustomCameraViewController.swift */; };
		9EB02A082E1ECCAD00549EF7 /* AnalysisLoadingViewController.swift in Sources */ = {isa = PBXBuildFile; fileRef = 9EB02A072E1ECCAD00549EF7 /* AnalysisLoadingViewController.swift */; };
		9EB69D762ED0C0DB0063BF3C /* image1.png in Resources */ = {isa = PBXBuildFile; fileRef = 9EB69D6C2ED0C0DB0063BF3C /* image1.png */; };
		9EB69D772ED0C0DB0063BF3C /* image6.png in Resources */ = {isa = PBXBuildFile; fileRef = 9EB69D6D2ED0C0DB0063BF3C /* image6.png */; };
		9EB69D782ED0C0DB0063BF3C /* image4.jpeg in Resources */ = {isa = PBXBuildFile; fileRef = 9EB69D6E2ED0C0DB0063BF3C /* image4.jpeg */; };
		9EB69D792ED0C0DB0063BF3C /* image5.png in Resources */ = {isa = PBXBuildFile; fileRef = 9EB69D6F2ED0C0DB0063BF3C /* image5.png */; };
		9EB69D7A2ED0C0DB0063BF3C /* image2.png in Resources */ = {isa = PBXBuildFile; fileRef = 9EB69D702ED0C0DB0063BF3C /* image2.png */; };
		9EB69D7B2ED0C0DB0063BF3C /* image10.png in Resources */ = {isa = PBXBuildFile; fileRef = 9EB69D712ED0C0DB0063BF3C /* image10.png */; };
		9EB69D7C2ED0C0DB0063BF3C /* image3.jpeg in Resources */ = {isa = PBXBuildFile; fileRef = 9EB69D722ED0C0DB0063BF3C /* image3.jpeg */; };
		9EB69D7D2ED0C0DB0063BF3C /* image9.png in Resources */ = {isa = PBXBuildFile; fileRef = 9EB69D732ED0C0DB0063BF3C /* image9.png */; };
		9EB69D7E2ED0C0DB0063BF3C /* image7.png in Resources */ = {isa = PBXBuildFile; fileRef = 9EB69D742ED0C0DB0063BF3C /* image7.png */; };
		9EB69D7F2ED0C0DB0063BF3C /* image8.png in Resources */ = {isa = PBXBuildFile; fileRef = 9EB69D752ED0C0DB0063BF3C /* image8.png */; };
		9EE998B82D9C63CB002A509C /* SkinTypeViewController.swift in Sources */ = {isa = PBXBuildFile; fileRef = 9EE998B72D9C63CB002A509C /* SkinTypeViewController.swift */; };
		9EE998BA2D9C63E2002A509C /* UserInfoViewController.swift in Sources */ = {isa = PBXBuildFile; fileRef = 9EE998B92D9C63E2002A509C /* UserInfoViewController.swift */; };
		9EE998BC2D9C8D71002A509C /* SkinSensitivityViewController.swift in Sources */ = {isa = PBXBuildFile; fileRef = 9EE998BB2D9C8D71002A509C /* SkinSensitivityViewController.swift */; };
		9EE998BE2D9C8D88002A509C /* SkinProblemsViewController.swift in Sources */ = {isa = PBXBuildFile; fileRef = 9EE998BD2D9C8D88002A509C /* SkinProblemsViewController.swift */; };
		9EE998C02D9C8DA1002A509C /* SkinConditionsViewController.swift in Sources */ = {isa = PBXBuildFile; fileRef = 9EE998BF2D9C8DA1002A509C /* SkinConditionsViewController.swift */; };
		9EE998C22D9C9DEC002A509C /* SkinAnalysisViewController.swift in Sources */ = {isa = PBXBuildFile; fileRef = 9EE998C12D9C9DEC002A509C /* SkinAnalysisViewController.swift */; };
		9EE998C42D9CBB32002A509C /* ProductsViewController.swift in Sources */ = {isa = PBXBuildFile; fileRef = 9EE998C32D9CBB32002A509C /* ProductsViewController.swift */; };
		9EE998C62D9CBB67002A509C /* RoutinesViewController.swift in Sources */ = {isa = PBXBuildFile; fileRef = 9EE998C52D9CBB67002A509C /* RoutinesViewController.swift */; };
		9EE998C82D9CBB8A002A509C /* ChatViewController.swift in Sources */ = {isa = PBXBuildFile; fileRef = 9EE998C72D9CBB8A002A509C /* ChatViewController.swift */; };
		9EE998CA2D9CBBAD002A509C /* ProfileViewController.swift in Sources */ = {isa = PBXBuildFile; fileRef = 9EE998C92D9CBBAD002A509C /* ProfileViewController.swift */; };
		9EF05C1E2E0DD78800E75978 /* TabBarController.swift in Sources */ = {isa = PBXBuildFile; fileRef = 9EF05C1D2E0DD78800E75978 /* TabBarController.swift */; };
		9EF9F49D2DFDEBF10037D005 /* CollectionTableViewCell.swift in Sources */ = {isa = PBXBuildFile; fileRef = 9EF9F49C2DFDEBF10037D005 /* CollectionTableViewCell.swift */; };
/* End PBXBuildFile section */

/* Begin PBXFileReference section */
		9E04A02C2DECEC8600B9B9D7 /* PureSkinAIApp.app */ = {isa = PBXFileReference; explicitFileType = wrapper.application; includeInIndex = 0; path = PureSkinAIApp.app; sourceTree = BUILT_PRODUCTS_DIR; };
		9E04A0332DECFD3700B9B9D7 /* RoutineCategoryBottomSheet.swift */ = {isa = PBXFileReference; lastKnownFileType = sourcecode.swift; path = RoutineCategoryBottomSheet.swift; sourceTree = "<group>"; };
		9E0524812E0C7A98009ABF53 /* Models.swift */ = {isa = PBXFileReference; lastKnownFileType = sourcecode.swift; path = Models.swift; sourceTree = "<group>"; };
		9E3450682DAB21C100531EBB /* SettingsViewController.swift */ = {isa = PBXFileReference; lastKnownFileType = sourcecode.swift; path = SettingsViewController.swift; sourceTree = "<group>"; };
		9E3550042E66105F00E81D00 /* SavedProduct.swift */ = {isa = PBXFileReference; lastKnownFileType = sourcecode.swift; path = SavedProduct.swift; sourceTree = "<group>"; };
		9E3550062E66108600E81D00 /* ProductItemCell.swift */ = {isa = PBXFileReference; lastKnownFileType = sourcecode.swift; path = ProductItemCell.swift; sourceTree = "<group>"; };
		9E3550082E6610A200E81D00 /* ProductListCell.swift */ = {isa = PBXFileReference; lastKnownFileType = sourcecode.swift; path = ProductListCell.swift; sourceTree = "<group>"; };
		9E35500A2E6611A000E81D00 /* AddProductCollectionCell.swift */ = {isa = PBXFileReference; lastKnownFileType = sourcecode.swift; path = AddProductCollectionCell.swift; sourceTree = "<group>"; };
		9E35500C2E66279000E81D00 /* CategoryStore.swift */ = {isa = PBXFileReference; lastKnownFileType = sourcecode.swift; path = CategoryStore.swift; sourceTree = "<group>"; };
		9E35500E2E6634EA00E81D00 /* ProductDetailViewController.swift */ = {isa = PBXFileReference; lastKnownFileType = sourcecode.swift; path = ProductDetailViewController.swift; sourceTree = "<group>"; };
		9E50C5C32E52653500C6DC82 /* BarcodeScanCell.swift */ = {isa = PBXFileReference; lastKnownFileType = sourcecode.swift; path = BarcodeScanCell.swift; sourceTree = "<group>"; };
		9E58E61B2D975B3A009F59EE /* AppDelegate.swift */ = {isa = PBXFileReference; lastKnownFileType = sourcecode.swift; path = AppDelegate.swift; sourceTree = "<group>"; };
		9E58E61D2D975B3A009F59EE /* SceneDelegate.swift */ = {isa = PBXFileReference; lastKnownFileType = sourcecode.swift; path = SceneDelegate.swift; sourceTree = "<group>"; };
		9E58E6222D975B3A009F59EE /* Base */ = {isa = PBXFileReference; lastKnownFileType = file.storyboard; name = Base; path = Base.lproj/Main.storyboard; sourceTree = "<group>"; };
		9E58E6242D975B3B009F59EE /* Assets.xcassets */ = {isa = PBXFileReference; lastKnownFileType = folder.assetcatalog; path = Assets.xcassets; sourceTree = "<group>"; };
		9E58E6272D975B3B009F59EE /* Base */ = {isa = PBXFileReference; lastKnownFileType = file.storyboard; name = Base; path = Base.lproj/LaunchScreen.storyboard; sourceTree = "<group>"; };
		9E58E6292D975B3B009F59EE /* Info.plist */ = {isa = PBXFileReference; lastKnownFileType = text.plist.xml; path = Info.plist; sourceTree = "<group>"; };
		9E58E6332D976811009F59EE /* OnboardingViewController.swift */ = {isa = PBXFileReference; lastKnownFileType = sourcecode.swift; path = OnboardingViewController.swift; sourceTree = "<group>"; };
		9E58E6352D976840009F59EE /* SplashViewController.swift */ = {isa = PBXFileReference; lastKnownFileType = sourcecode.swift; path = SplashViewController.swift; sourceTree = "<group>"; };
		9E58E6372D97686F009F59EE /* OnboardingViewModel.swift */ = {isa = PBXFileReference; lastKnownFileType = sourcecode.swift; path = OnboardingViewModel.swift; sourceTree = "<group>"; };
		9E58E6392D976897009F59EE /* SplashViewModel.swift */ = {isa = PBXFileReference; lastKnownFileType = sourcecode.swift; path = SplashViewModel.swift; sourceTree = "<group>"; };
		9E974B082E534C2000167D54 /* SkinAnalysis.swift */ = {isa = PBXFileReference; lastKnownFileType = sourcecode.swift; path = SkinAnalysis.swift; sourceTree = "<group>"; };
		9E974B0A2E534C4600167D54 /* SkinAnalysisStore.swift */ = {isa = PBXFileReference; lastKnownFileType = sourcecode.swift; path = SkinAnalysisStore.swift; sourceTree = "<group>"; };
		9E974B0C2E534C6F00167D54 /* AddSelfieCell.swift */ = {isa = PBXFileReference; lastKnownFileType = sourcecode.swift; path = AddSelfieCell.swift; sourceTree = "<group>"; };
		9E974B0E2E534C8300167D54 /* AnalysisHistoryItemCell.swift */ = {isa = PBXFileReference; lastKnownFileType = sourcecode.swift; path = AnalysisHistoryItemCell.swift; sourceTree = "<group>"; };
		9E974B102E534CB400167D54 /* AnalysisHistoryCell.swift */ = {isa = PBXFileReference; lastKnownFileType = sourcecode.swift; path = AnalysisHistoryCell.swift; sourceTree = "<group>"; };
		9E974B122E53543700167D54 /* Extensions.swift */ = {isa = PBXFileReference; lastKnownFileType = sourcecode.swift; path = Extensions.swift; sourceTree = "<group>"; };
		9E974B142E538F7800167D54 /* EmptyAnalysisView.swift */ = {isa = PBXFileReference; lastKnownFileType = sourcecode.swift; path = EmptyAnalysisView.swift; sourceTree = "<group>"; };
		9EA62E472DC5718D0062EDF0 /* BottomSheetViewController.swift */ = {isa = PBXFileReference; lastKnownFileType = sourcecode.swift; path = BottomSheetViewController.swift; sourceTree = "<group>"; };
		9EA62E492DC575D10062EDF0 /* BottomSheetMultiSelectViewController.swift */ = {isa = PBXFileReference; lastKnownFileType = sourcecode.swift; path = BottomSheetMultiSelectViewController.swift; sourceTree = "<group>"; };
		9EA62E4B2DC59B910062EDF0 /* RoutineTableViewCell.swift */ = {isa = PBXFileReference; lastKnownFileType = sourcecode.swift; path = RoutineTableViewCell.swift; sourceTree = "<group>"; };
		9EA7727E2E5CD52C00851E3B /* AddProductViewController.swift */ = {isa = PBXFileReference; lastKnownFileType = sourcecode.swift; path = AddProductViewController.swift; sourceTree = "<group>"; };
		9EA772802E5CD6E600851E3B /* AddProductCell.swift */ = {isa = PBXFileReference; lastKnownFileType = sourcecode.swift; path = AddProductCell.swift; sourceTree = "<group>"; };
		9EACC7732DC4107D00290FA4 /* ProfileEnums.swift */ = {isa = PBXFileReference; lastKnownFileType = sourcecode.swift; path = ProfileEnums.swift; sourceTree = "<group>"; };
		9EB029F72E1E8F8500549EF7 /* SelfiePromptCell.swift */ = {isa = PBXFileReference; lastKnownFileType = sourcecode.swift; path = SelfiePromptCell.swift; sourceTree = "<group>"; };
		9EB029FD2E1EBCAD00549EF7 /* AnalysisViewController.swift */ = {isa = PBXFileReference; lastKnownFileType = sourcecode.swift; path = AnalysisViewController.swift; sourceTree = "<group>"; };
		9EB02A032E1EC20900549EF7 /* CameraOverlayView.swift */ = {isa = PBXFileReference; lastKnownFileType = sourcecode.swift; path = CameraOverlayView.swift; sourceTree = "<group>"; };
		9EB02A052E1EC4F000549EF7 /* CustomCameraViewController.swift */ = {isa = PBXFileReference; lastKnownFileType = sourcecode.swift; path = CustomCameraViewController.swift; sourceTree = "<group>"; };
		9EB02A072E1ECCAD00549EF7 /* AnalysisLoadingViewController.swift */ = {isa = PBXFileReference; lastKnownFileType = sourcecode.swift; path = AnalysisLoadingViewController.swift; sourceTree = "<group>"; };
		9EB69D6C2ED0C0DB0063BF3C /* image1.png */ = {isa = PBXFileReference; lastKnownFileType = image.png; path = image1.png; sourceTree = "<group>"; };
		9EB69D6D2ED0C0DB0063BF3C /* image6.png */ = {isa = PBXFileReference; lastKnownFileType = image.png; path = image6.png; sourceTree = "<group>"; };
		9EB69D6E2ED0C0DB0063BF3C /* image4.jpeg */ = {isa = PBXFileReference; lastKnownFileType = image.jpeg; path = image4.jpeg; sourceTree = "<group>"; };
		9EB69D6F2ED0C0DB0063BF3C /* image5.png */ = {isa = PBXFileReference; lastKnownFileType = image.png; path = image5.png; sourceTree = "<group>"; };
		9EB69D702ED0C0DB0063BF3C /* image2.png */ = {isa = PBXFileReference; lastKnownFileType = image.png; path = image2.png; sourceTree = "<group>"; };
		9EB69D712ED0C0DB0063BF3C /* image10.png */ = {isa = PBXFileReference; lastKnownFileType = image.png; path = image10.png; sourceTree = "<group>"; };
		9EB69D722ED0C0DB0063BF3C /* image3.jpeg */ = {isa = PBXFileReference; lastKnownFileType = image.jpeg; path = image3.jpeg; sourceTree = "<group>"; };
		9EB69D732ED0C0DB0063BF3C /* image9.png */ = {isa = PBXFileReference; lastKnownFileType = image.png; path = image9.png; sourceTree = "<group>"; };
		9EB69D742ED0C0DB0063BF3C /* image7.png */ = {isa = PBXFileReference; lastKnownFileType = image.png; path = image7.png; sourceTree = "<group>"; };
		9EB69D752ED0C0DB0063BF3C /* image8.png */ = {isa = PBXFileReference; lastKnownFileType = image.png; path = image8.png; sourceTree = "<group>"; };
		9EE998B72D9C63CB002A509C /* SkinTypeViewController.swift */ = {isa = PBXFileReference; lastKnownFileType = sourcecode.swift; path = SkinTypeViewController.swift; sourceTree = "<group>"; };
		9EE998B92D9C63E2002A509C /* UserInfoViewController.swift */ = {isa = PBXFileReference; lastKnownFileType = sourcecode.swift; path = UserInfoViewController.swift; sourceTree = "<group>"; };
		9EE998BB2D9C8D71002A509C /* SkinSensitivityViewController.swift */ = {isa = PBXFileReference; lastKnownFileType = sourcecode.swift; path = SkinSensitivityViewController.swift; sourceTree = "<group>"; };
		9EE998BD2D9C8D88002A509C /* SkinProblemsViewController.swift */ = {isa = PBXFileReference; lastKnownFileType = sourcecode.swift; path = SkinProblemsViewController.swift; sourceTree = "<group>"; };
		9EE998BF2D9C8DA1002A509C /* SkinConditionsViewController.swift */ = {isa = PBXFileReference; lastKnownFileType = sourcecode.swift; path = SkinConditionsViewController.swift; sourceTree = "<group>"; };
		9EE998C12D9C9DEC002A509C /* SkinAnalysisViewController.swift */ = {isa = PBXFileReference; lastKnownFileType = sourcecode.swift; path = SkinAnalysisViewController.swift; sourceTree = "<group>"; };
		9EE998C32D9CBB32002A509C /* ProductsViewController.swift */ = {isa = PBXFileReference; lastKnownFileType = sourcecode.swift; path = ProductsViewController.swift; sourceTree = "<group>"; };
		9EE998C52D9CBB67002A509C /* RoutinesViewController.swift */ = {isa = PBXFileReference; lastKnownFileType = sourcecode.swift; path = RoutinesViewController.swift; sourceTree = "<group>"; };
		9EE998C72D9CBB8A002A509C /* ChatViewController.swift */ = {isa = PBXFileReference; lastKnownFileType = sourcecode.swift; path = ChatViewController.swift; sourceTree = "<group>"; };
		9EE998C92D9CBBAD002A509C /* ProfileViewController.swift */ = {isa = PBXFileReference; lastKnownFileType = sourcecode.swift; path = ProfileViewController.swift; sourceTree = "<group>"; };
		9EF05C1D2E0DD78800E75978 /* TabBarController.swift */ = {isa = PBXFileReference; lastKnownFileType = sourcecode.swift; path = TabBarController.swift; sourceTree = "<group>"; };
		9EF9F49C2DFDEBF10037D005 /* CollectionTableViewCell.swift */ = {isa = PBXFileReference; lastKnownFileType = sourcecode.swift; path = CollectionTableViewCell.swift; sourceTree = "<group>"; };
/* End PBXFileReference section */

/* Begin PBXFrameworksBuildPhase section */
		9E58E6152D975B3A009F59EE /* Frameworks */ = {
			isa = PBXFrameworksBuildPhase;
			buildActionMask = 2147483647;
			files = (
				9E7AF2BA2E4A575E009034ED /* SDWebImage in Frameworks */,
				9E88B2E62DC8A62B00410BB1 /* SnapKit in Frameworks */,
			);
			runOnlyForDeploymentPostprocessing = 0;
		};
/* End PBXFrameworksBuildPhase section */

/* Begin PBXGroup section */
		9E58E60F2D975B3A009F59EE = {
			isa = PBXGroup;
			children = (
				9E58E61A2D975B3A009F59EE /* PureSkinAIApp */,
				9E04A02C2DECEC8600B9B9D7 /* PureSkinAIApp.app */,
			);
			sourceTree = "<group>";
		};
		9E58E61A2D975B3A009F59EE /* PureSkinAIApp */ = {
			isa = PBXGroup;
			children = (
				9EB69D6B2ED0C0160063BF3C /* Images */,
				9E58E61B2D975B3A009F59EE /* AppDelegate.swift */,
				9E58E61D2D975B3A009F59EE /* SceneDelegate.swift */,
				9E58E6212D975B3A009F59EE /* Main.storyboard */,
				9E58E6242D975B3B009F59EE /* Assets.xcassets */,
				9E58E6262D975B3B009F59EE /* LaunchScreen.storyboard */,
				9E58E6292D975B3B009F59EE /* Info.plist */,
				9E58E6352D976840009F59EE /* SplashViewController.swift */,
				9E58E6372D97686F009F59EE /* OnboardingViewModel.swift */,
				9E58E6392D976897009F59EE /* SplashViewModel.swift */,
				9EE998B72D9C63CB002A509C /* SkinTypeViewController.swift */,
				9E58E6332D976811009F59EE /* OnboardingViewController.swift */,
				9EE998B92D9C63E2002A509C /* UserInfoViewController.swift */,
				9EE998BB2D9C8D71002A509C /* SkinSensitivityViewController.swift */,
				9EE998BD2D9C8D88002A509C /* SkinProblemsViewController.swift */,
				9EE998BF2D9C8DA1002A509C /* SkinConditionsViewController.swift */,
				9EE998C12D9C9DEC002A509C /* SkinAnalysisViewController.swift */,
				9EE998C32D9CBB32002A509C /* ProductsViewController.swift */,
				9EE998C52D9CBB67002A509C /* RoutinesViewController.swift */,
				9EE998C72D9CBB8A002A509C /* ChatViewController.swift */,
				9EE998C92D9CBBAD002A509C /* ProfileViewController.swift */,
				9E3450682DAB21C100531EBB /* SettingsViewController.swift */,
				9EACC7732DC4107D00290FA4 /* ProfileEnums.swift */,
				9EA62E472DC5718D0062EDF0 /* BottomSheetViewController.swift */,
				9EA62E492DC575D10062EDF0 /* BottomSheetMultiSelectViewController.swift */,
				9EA62E4B2DC59B910062EDF0 /* RoutineTableViewCell.swift */,
				9E04A0332DECFD3700B9B9D7 /* RoutineCategoryBottomSheet.swift */,
				9EF9F49C2DFDEBF10037D005 /* CollectionTableViewCell.swift */,
				9E0524812E0C7A98009ABF53 /* Models.swift */,
				9EF05C1D2E0DD78800E75978 /* TabBarController.swift */,
				9EB029F72E1E8F8500549EF7 /* SelfiePromptCell.swift */,
				9EB029FD2E1EBCAD00549EF7 /* AnalysisViewController.swift */,
				9EB02A032E1EC20900549EF7 /* CameraOverlayView.swift */,
				9EB02A052E1EC4F000549EF7 /* CustomCameraViewController.swift */,
				9EB02A072E1ECCAD00549EF7 /* AnalysisLoadingViewController.swift */,
				9E50C5C32E52653500C6DC82 /* BarcodeScanCell.swift */,
				9E974B082E534C2000167D54 /* SkinAnalysis.swift */,
				9E974B0A2E534C4600167D54 /* SkinAnalysisStore.swift */,
				9E974B0C2E534C6F00167D54 /* AddSelfieCell.swift */,
				9E974B0E2E534C8300167D54 /* AnalysisHistoryItemCell.swift */,
				9E974B102E534CB400167D54 /* AnalysisHistoryCell.swift */,
				9E974B122E53543700167D54 /* Extensions.swift */,
				9E974B142E538F7800167D54 /* EmptyAnalysisView.swift */,
				9EA7727E2E5CD52C00851E3B /* AddProductViewController.swift */,
				9EA772802E5CD6E600851E3B /* AddProductCell.swift */,
				9E3550042E66105F00E81D00 /* SavedProduct.swift */,
				9E3550062E66108600E81D00 /* ProductItemCell.swift */,
				9E3550082E6610A200E81D00 /* ProductListCell.swift */,
				9E35500A2E6611A000E81D00 /* AddProductCollectionCell.swift */,
				9E35500C2E66279000E81D00 /* CategoryStore.swift */,
				9E35500E2E6634EA00E81D00 /* ProductDetailViewController.swift */,
			);
			path = PureSkinAIApp;
			sourceTree = "<group>";
		};
		9EB69D6B2ED0C0160063BF3C /* Images */ = {
			isa = PBXGroup;
			children = (
				9EB69D6C2ED0C0DB0063BF3C /* image1.png */,
				9EB69D702ED0C0DB0063BF3C /* image2.png */,
				9EB69D722ED0C0DB0063BF3C /* image3.jpeg */,
				9EB69D6E2ED0C0DB0063BF3C /* image4.jpeg */,
				9EB69D6F2ED0C0DB0063BF3C /* image5.png */,
				9EB69D6D2ED0C0DB0063BF3C /* image6.png */,
				9EB69D742ED0C0DB0063BF3C /* image7.png */,
				9EB69D752ED0C0DB0063BF3C /* image8.png */,
				9EB69D732ED0C0DB0063BF3C /* image9.png */,
				9EB69D712ED0C0DB0063BF3C /* image10.png */,
			);
			path = Images;
			sourceTree = "<group>";
		};
/* End PBXGroup section */

/* Begin PBXNativeTarget section */
		9E58E6172D975B3A009F59EE /* PureSkinAIApp */ = {
			isa = PBXNativeTarget;
			buildConfigurationList = 9E58E62C2D975B3B009F59EE /* Build configuration list for PBXNativeTarget "PureSkinAIApp" */;
			buildPhases = (
				9E58E6142D975B3A009F59EE /* Sources */,
				9E58E6152D975B3A009F59EE /* Frameworks */,
				9E58E6162D975B3A009F59EE /* Resources */,
			);
			buildRules = (
			);
			dependencies = (
			);
			name = PureSkinAIApp;
			packageProductDependencies = (
				9E88B2E52DC8A62B00410BB1 /* SnapKit */,
				9E7AF2B92E4A575E009034ED /* SDWebImage */,
			);
			productName = PureSkinAIApp;
			productReference = 9E04A02C2DECEC8600B9B9D7 /* PureSkinAIApp.app */;
			productType = "com.apple.product-type.application";
		};
/* End PBXNativeTarget section */

/* Begin PBXProject section */
		9E58E6102D975B3A009F59EE /* Project object */ = {
			isa = PBXProject;
			attributes = {
				BuildIndependentTargetsInParallel = 1;
				LastSwiftUpdateCheck = 1520;
				LastUpgradeCheck = 1520;
				TargetAttributes = {
					9E58E6172D975B3A009F59EE = {
						CreatedOnToolsVersion = 15.2;
					};
				};
			};
			buildConfigurationList = 9E58E6132D975B3A009F59EE /* Build configuration list for PBXProject "PureSkinAIApp" */;
			compatibilityVersion = "Xcode 14.0";
			developmentRegion = en;
			hasScannedForEncodings = 0;
			knownRegions = (
				en,
				Base,
			);
			mainGroup = 9E58E60F2D975B3A009F59EE;
			packageReferences = (
				9E88B2E42DC8A62A00410BB1 /* XCRemoteSwiftPackageReference "SnapKit" */,
				9E7AF2B82E4A575E009034ED /* XCRemoteSwiftPackageReference "SDWebImage" */,
			);
			productRefGroup = 9E58E60F2D975B3A009F59EE;
			projectDirPath = "";
			projectRoot = "";
			targets = (
				9E58E6172D975B3A009F59EE /* PureSkinAIApp */,
			);
		};
/* End PBXProject section */

/* Begin PBXResourcesBuildPhase section */
		9E58E6162D975B3A009F59EE /* Resources */ = {
			isa = PBXResourcesBuildPhase;
			buildActionMask = 2147483647;
			files = (
				9E58E6282D975B3B009F59EE /* LaunchScreen.storyboard in Resources */,
				9EB69D772ED0C0DB0063BF3C /* image6.png in Resources */,
				9EB69D7A2ED0C0DB0063BF3C /* image2.png in Resources */,
				9EB69D7E2ED0C0DB0063BF3C /* image7.png in Resources */,
				9EB69D782ED0C0DB0063BF3C /* image4.jpeg in Resources */,
				9EB69D792ED0C0DB0063BF3C /* image5.png in Resources */,
				9EB69D7F2ED0C0DB0063BF3C /* image8.png in Resources */,
				9EB69D7B2ED0C0DB0063BF3C /* image10.png in Resources */,
				9EB69D762ED0C0DB0063BF3C /* image1.png in Resources */,
				9E58E6252D975B3B009F59EE /* Assets.xcassets in Resources */,
				9E58E6232D975B3A009F59EE /* Main.storyboard in Resources */,
				9EB69D7D2ED0C0DB0063BF3C /* image9.png in Resources */,
				9EB69D7C2ED0C0DB0063BF3C /* image3.jpeg in Resources */,
			);
			runOnlyForDeploymentPostprocessing = 0;
		};
/* End PBXResourcesBuildPhase section */

/* Begin PBXSourcesBuildPhase section */
		9E58E6142D975B3A009F59EE /* Sources */ = {
			isa = PBXSourcesBuildPhase;
			buildActionMask = 2147483647;
			files = (
				9E3550072E66108600E81D00 /* ProductItemCell.swift in Sources */,
				9E58E61C2D975B3A009F59EE /* AppDelegate.swift in Sources */,
				9EA772812E5CD6E600851E3B /* AddProductCell.swift in Sources */,
				9EE998BC2D9C8D71002A509C /* SkinSensitivityViewController.swift in Sources */,
				9E35500D2E66279000E81D00 /* CategoryStore.swift in Sources */,
				9EF9F49D2DFDEBF10037D005 /* CollectionTableViewCell.swift in Sources */,
				9EB02A062E1EC4F000549EF7 /* CustomCameraViewController.swift in Sources */,
				9E974B0B2E534C4600167D54 /* SkinAnalysisStore.swift in Sources */,
				9E0524822E0C7A98009ABF53 /* Models.swift in Sources */,
				9EE998C82D9CBB8A002A509C /* ChatViewController.swift in Sources */,
				9E974B092E534C2000167D54 /* SkinAnalysis.swift in Sources */,
				9EA62E482DC5718D0062EDF0 /* BottomSheetViewController.swift in Sources */,
				9EB029F82E1E8F8500549EF7 /* SelfiePromptCell.swift in Sources */,
				9EA62E4C2DC59B910062EDF0 /* RoutineTableViewCell.swift in Sources */,
				9EE998C42D9CBB32002A509C /* ProductsViewController.swift in Sources */,
				9E35500F2E6634EA00E81D00 /* ProductDetailViewController.swift in Sources */,
				9E3550092E6610A200E81D00 /* ProductListCell.swift in Sources */,
				9EE998C22D9C9DEC002A509C /* SkinAnalysisViewController.swift in Sources */,
				9EE998C62D9CBB67002A509C /* RoutinesViewController.swift in Sources */,
				9E974B132E53543700167D54 /* Extensions.swift in Sources */,
				9E58E6382D97686F009F59EE /* OnboardingViewModel.swift in Sources */,
				9E35500B2E6611A000E81D00 /* AddProductCollectionCell.swift in Sources */,
				9EE998CA2D9CBBAD002A509C /* ProfileViewController.swift in Sources */,
				9EB029FE2E1EBCAD00549EF7 /* AnalysisViewController.swift in Sources */,
				9E58E61E2D975B3A009F59EE /* SceneDelegate.swift in Sources */,
				9E58E63A2D976897009F59EE /* SplashViewModel.swift in Sources */,
				9E974B0D2E534C6F00167D54 /* AddSelfieCell.swift in Sources */,
				9EE998BA2D9C63E2002A509C /* UserInfoViewController.swift in Sources */,
				9E974B152E538F7800167D54 /* EmptyAnalysisView.swift in Sources */,
				9EE998B82D9C63CB002A509C /* SkinTypeViewController.swift in Sources */,
				9E974B112E534CB400167D54 /* AnalysisHistoryCell.swift in Sources */,
				9E58E6342D976811009F59EE /* OnboardingViewController.swift in Sources */,
				9E50C5C42E52653500C6DC82 /* BarcodeScanCell.swift in Sources */,
				9EA62E4A2DC575D10062EDF0 /* BottomSheetMultiSelectViewController.swift in Sources */,
				9EB02A082E1ECCAD00549EF7 /* AnalysisLoadingViewController.swift in Sources */,
				9E974B0F2E534C8300167D54 /* AnalysisHistoryItemCell.swift in Sources */,
				9EB02A042E1EC20900549EF7 /* CameraOverlayView.swift in Sources */,
				9EF05C1E2E0DD78800E75978 /* TabBarController.swift in Sources */,
				9E58E6362D976840009F59EE /* SplashViewController.swift in Sources */,
				9EE998BE2D9C8D88002A509C /* SkinProblemsViewController.swift in Sources */,
				9EE998C02D9C8DA1002A509C /* SkinConditionsViewController.swift in Sources */,
				9E3550052E66105F00E81D00 /* SavedProduct.swift in Sources */,
				9EA7727F2E5CD52C00851E3B /* AddProductViewController.swift in Sources */,
				9EACC7742DC4107D00290FA4 /* ProfileEnums.swift in Sources */,
				9E04A0342DECFD3700B9B9D7 /* RoutineCategoryBottomSheet.swift in Sources */,
				9E3450692DAB21C100531EBB /* SettingsViewController.swift in Sources */,
			);
			runOnlyForDeploymentPostprocessing = 0;
		};
/* End PBXSourcesBuildPhase section */

/* Begin PBXVariantGroup section */
		9E58E6212D975B3A009F59EE /* Main.storyboard */ = {
			isa = PBXVariantGroup;
			children = (
				9E58E6222D975B3A009F59EE /* Base */,
			);
			name = Main.storyboard;
			sourceTree = "<group>";
		};
		9E58E6262D975B3B009F59EE /* LaunchScreen.storyboard */ = {
			isa = PBXVariantGroup;
			children = (
				9E58E6272D975B3B009F59EE /* Base */,
			);
			name = LaunchScreen.storyboard;
			sourceTree = "<group>";
		};
/* End PBXVariantGroup section */

/* Begin XCBuildConfiguration section */
		9E58E62A2D975B3B009F59EE /* Debug */ = {
			isa = XCBuildConfiguration;
			buildSettings = {
				ALWAYS_SEARCH_USER_PATHS = NO;
				ASSETCATALOG_COMPILER_GENERATE_SWIFT_ASSET_SYMBOL_EXTENSIONS = YES;
				CLANG_ANALYZER_NONNULL = YES;
				CLANG_ANALYZER_NUMBER_OBJECT_CONVERSION = YES_AGGRESSIVE;
				CLANG_CXX_LANGUAGE_STANDARD = "gnu++20";
				CLANG_ENABLE_MODULES = YES;
				CLANG_ENABLE_OBJC_ARC = YES;
				CLANG_ENABLE_OBJC_WEAK = YES;
				CLANG_WARN_BLOCK_CAPTURE_AUTORELEASING = YES;
				CLANG_WARN_BOOL_CONVERSION = YES;
				CLANG_WARN_COMMA = YES;
				CLANG_WARN_CONSTANT_CONVERSION = YES;
				CLANG_WARN_DEPRECATED_OBJC_IMPLEMENTATIONS = YES;
				CLANG_WARN_DIRECT_OBJC_ISA_USAGE = YES_ERROR;
				CLANG_WARN_DOCUMENTATION_COMMENTS = YES;
				CLANG_WARN_EMPTY_BODY = YES;
				CLANG_WARN_ENUM_CONVERSION = YES;
				CLANG_WARN_INFINITE_RECURSION = YES;
				CLANG_WARN_INT_CONVERSION = YES;
				CLANG_WARN_NON_LITERAL_NULL_CONVERSION = YES;
				CLANG_WARN_OBJC_IMPLICIT_RETAIN_SELF = YES;
				CLANG_WARN_OBJC_LITERAL_CONVERSION = YES;
				CLANG_WARN_OBJC_ROOT_CLASS = YES_ERROR;
				CLANG_WARN_QUOTED_INCLUDE_IN_FRAMEWORK_HEADER = YES;
				CLANG_WARN_RANGE_LOOP_ANALYSIS = YES;
				CLANG_WARN_STRICT_PROTOTYPES = YES;
				CLANG_WARN_SUSPICIOUS_MOVE = YES;
				CLANG_WARN_UNGUARDED_AVAILABILITY = YES_AGGRESSIVE;
				CLANG_WARN_UNREACHABLE_CODE = YES;
				CLANG_WARN__DUPLICATE_METHOD_MATCH = YES;
				COPY_PHASE_STRIP = NO;
				DEBUG_INFORMATION_FORMAT = dwarf;
				ENABLE_STRICT_OBJC_MSGSEND = YES;
				ENABLE_TESTABILITY = YES;
				ENABLE_USER_SCRIPT_SANDBOXING = YES;
				GCC_C_LANGUAGE_STANDARD = gnu17;
				GCC_DYNAMIC_NO_PIC = NO;
				GCC_NO_COMMON_BLOCKS = YES;
				GCC_OPTIMIZATION_LEVEL = 0;
				GCC_PREPROCESSOR_DEFINITIONS = (
					"DEBUG=1",
					"$(inherited)",
				);
				GCC_WARN_64_TO_32_BIT_CONVERSION = YES;
				GCC_WARN_ABOUT_RETURN_TYPE = YES_ERROR;
				GCC_WARN_UNDECLARED_SELECTOR = YES;
				GCC_WARN_UNINITIALIZED_AUTOS = YES_AGGRESSIVE;
				GCC_WARN_UNUSED_FUNCTION = YES;
				GCC_WARN_UNUSED_VARIABLE = YES;
				IPHONEOS_DEPLOYMENT_TARGET = 17.2;
				LOCALIZATION_PREFERS_STRING_CATALOGS = YES;
				MTL_ENABLE_DEBUG_INFO = INCLUDE_SOURCE;
				MTL_FAST_MATH = YES;
				ONLY_ACTIVE_ARCH = YES;
				SDKROOT = iphoneos;
				SWIFT_ACTIVE_COMPILATION_CONDITIONS = "DEBUG $(inherited)";
				SWIFT_OPTIMIZATION_LEVEL = "-Onone";
			};
			name = Debug;
		};
		9E58E62B2D975B3B009F59EE /* Release */ = {
			isa = XCBuildConfiguration;
			buildSettings = {
				ALWAYS_SEARCH_USER_PATHS = NO;
				ASSETCATALOG_COMPILER_GENERATE_SWIFT_ASSET_SYMBOL_EXTENSIONS = YES;
				CLANG_ANALYZER_NONNULL = YES;
				CLANG_ANALYZER_NUMBER_OBJECT_CONVERSION = YES_AGGRESSIVE;
				CLANG_CXX_LANGUAGE_STANDARD = "gnu++20";
				CLANG_ENABLE_MODULES = YES;
				CLANG_ENABLE_OBJC_ARC = YES;
				CLANG_ENABLE_OBJC_WEAK = YES;
				CLANG_WARN_BLOCK_CAPTURE_AUTORELEASING = YES;
				CLANG_WARN_BOOL_CONVERSION = YES;
				CLANG_WARN_COMMA = YES;
				CLANG_WARN_CONSTANT_CONVERSION = YES;
				CLANG_WARN_DEPRECATED_OBJC_IMPLEMENTATIONS = YES;
				CLANG_WARN_DIRECT_OBJC_ISA_USAGE = YES_ERROR;
				CLANG_WARN_DOCUMENTATION_COMMENTS = YES;
				CLANG_WARN_EMPTY_BODY = YES;
				CLANG_WARN_ENUM_CONVERSION = YES;
				CLANG_WARN_INFINITE_RECURSION = YES;
				CLANG_WARN_INT_CONVERSION = YES;
				CLANG_WARN_NON_LITERAL_NULL_CONVERSION = YES;
				CLANG_WARN_OBJC_IMPLICIT_RETAIN_SELF = YES;
				CLANG_WARN_OBJC_LITERAL_CONVERSION = YES;
				CLANG_WARN_OBJC_ROOT_CLASS = YES_ERROR;
				CLANG_WARN_QUOTED_INCLUDE_IN_FRAMEWORK_HEADER = YES;
				CLANG_WARN_RANGE_LOOP_ANALYSIS = YES;
				CLANG_WARN_STRICT_PROTOTYPES = YES;
				CLANG_WARN_SUSPICIOUS_MOVE = YES;
				CLANG_WARN_UNGUARDED_AVAILABILITY = YES_AGGRESSIVE;
				CLANG_WARN_UNREACHABLE_CODE = YES;
				CLANG_WARN__DUPLICATE_METHOD_MATCH = YES;
				COPY_PHASE_STRIP = NO;
				DEBUG_INFORMATION_FORMAT = "dwarf-with-dsym";
				ENABLE_NS_ASSERTIONS = NO;
				ENABLE_STRICT_OBJC_MSGSEND = YES;
				ENABLE_USER_SCRIPT_SANDBOXING = YES;
				GCC_C_LANGUAGE_STANDARD = gnu17;
				GCC_NO_COMMON_BLOCKS = YES;
				GCC_WARN_64_TO_32_BIT_CONVERSION = YES;
				GCC_WARN_ABOUT_RETURN_TYPE = YES_ERROR;
				GCC_WARN_UNDECLARED_SELECTOR = YES;
				GCC_WARN_UNINITIALIZED_AUTOS = YES_AGGRESSIVE;
				GCC_WARN_UNUSED_FUNCTION = YES;
				GCC_WARN_UNUSED_VARIABLE = YES;
				IPHONEOS_DEPLOYMENT_TARGET = 17.2;
				LOCALIZATION_PREFERS_STRING_CATALOGS = YES;
				MTL_ENABLE_DEBUG_INFO = NO;
				MTL_FAST_MATH = YES;
				SDKROOT = iphoneos;
				SWIFT_COMPILATION_MODE = wholemodule;
				VALIDATE_PRODUCT = YES;
			};
			name = Release;
		};
		9E58E62D2D975B3B009F59EE /* Debug */ = {
			isa = XCBuildConfiguration;
			buildSettings = {
				ASSETCATALOG_COMPILER_APPICON_NAME = AppIcon;
				ASSETCATALOG_COMPILER_GLOBAL_ACCENT_COLOR_NAME = AccentColor;
				CODE_SIGN_STYLE = Automatic;
				CURRENT_PROJECT_VERSION = 1;
				DEVELOPMENT_TEAM = 93NU47H8BT;
				GENERATE_INFOPLIST_FILE = YES;
				INFOPLIST_FILE = PureSkinAIApp/Info.plist;
				INFOPLIST_KEY_CFBundleDisplayName = "";
				INFOPLIST_KEY_LSApplicationCategoryType = "";
				INFOPLIST_KEY_NSCameraUsageDescription = "Cilt analizi yapmak için kameraya erişim gereklidir.";
				INFOPLIST_KEY_UIApplicationSupportsIndirectInputEvents = YES;
				INFOPLIST_KEY_UILaunchStoryboardName = LaunchScreen;
				INFOPLIST_KEY_UIMainStoryboardFile = Main;
				INFOPLIST_KEY_UISupportedInterfaceOrientations_iPad = "UIInterfaceOrientationPortrait UIInterfaceOrientationPortraitUpsideDown UIInterfaceOrientationLandscapeLeft UIInterfaceOrientationLandscapeRight";
				INFOPLIST_KEY_UISupportedInterfaceOrientations_iPhone = "UIInterfaceOrientationPortrait UIInterfaceOrientationLandscapeLeft UIInterfaceOrientationLandscapeRight";
				LD_RUNPATH_SEARCH_PATHS = (
					"$(inherited)",
					"@executable_path/Frameworks",
				);
				MARKETING_VERSION = 1.0;
				PRODUCT_BUNDLE_IDENTIFIER = sude.PureSkinAIApp;
				PRODUCT_NAME = "$(TARGET_NAME)";
				SWIFT_EMIT_LOC_STRINGS = YES;
				SWIFT_VERSION = 5.0;
				TARGETED_DEVICE_FAMILY = "1,2";
			};
			name = Debug;
		};
		9E58E62E2D975B3B009F59EE /* Release */ = {
			isa = XCBuildConfiguration;
			buildSettings = {
				ASSETCATALOG_COMPILER_APPICON_NAME = AppIcon;
				ASSETCATALOG_COMPILER_GLOBAL_ACCENT_COLOR_NAME = AccentColor;
				CODE_SIGN_STYLE = Automatic;
				CURRENT_PROJECT_VERSION = 1;
				DEVELOPMENT_TEAM = 93NU47H8BT;
				GENERATE_INFOPLIST_FILE = YES;
				INFOPLIST_FILE = PureSkinAIApp/Info.plist;
				INFOPLIST_KEY_CFBundleDisplayName = "";
				INFOPLIST_KEY_LSApplicationCategoryType = "";
				INFOPLIST_KEY_NSCameraUsageDescription = "Cilt analizi yapmak için kameraya erişim gereklidir.";
				INFOPLIST_KEY_UIApplicationSupportsIndirectInputEvents = YES;
				INFOPLIST_KEY_UILaunchStoryboardName = LaunchScreen;
				INFOPLIST_KEY_UIMainStoryboardFile = Main;
				INFOPLIST_KEY_UISupportedInterfaceOrientations_iPad = "UIInterfaceOrientationPortrait UIInterfaceOrientationPortraitUpsideDown UIInterfaceOrientationLandscapeLeft UIInterfaceOrientationLandscapeRight";
				INFOPLIST_KEY_UISupportedInterfaceOrientations_iPhone = "UIInterfaceOrientationPortrait UIInterfaceOrientationLandscapeLeft UIInterfaceOrientationLandscapeRight";
				LD_RUNPATH_SEARCH_PATHS = (
					"$(inherited)",
					"@executable_path/Frameworks",
				);
				MARKETING_VERSION = 1.0;
				PRODUCT_BUNDLE_IDENTIFIER = sude.PureSkinAIApp;
				PRODUCT_NAME = "$(TARGET_NAME)";
				SWIFT_EMIT_LOC_STRINGS = YES;
				SWIFT_VERSION = 5.0;
				TARGETED_DEVICE_FAMILY = "1,2";
			};
			name = Release;
		};
/* End XCBuildConfiguration section */

/* Begin XCConfigurationList section */
		9E58E6132D975B3A009F59EE /* Build configuration list for PBXProject "PureSkinAIApp" */ = {
			isa = XCConfigurationList;
			buildConfigurations = (
				9E58E62A2D975B3B009F59EE /* Debug */,
				9E58E62B2D975B3B009F59EE /* Release */,
			);
			defaultConfigurationIsVisible = 0;
			defaultConfigurationName = Release;
		};
		9E58E62C2D975B3B009F59EE /* Build configuration list for PBXNativeTarget "PureSkinAIApp" */ = {
			isa = XCConfigurationList;
			buildConfigurations = (
				9E58E62D2D975B3B009F59EE /* Debug */,
				9E58E62E2D975B3B009F59EE /* Release */,
			);
			defaultConfigurationIsVisible = 0;
			defaultConfigurationName = Release;
		};
/* End XCConfigurationList section */

/* Begin XCRemoteSwiftPackageReference section */
		9E7AF2B82E4A575E009034ED /* XCRemoteSwiftPackageReference "SDWebImage" */ = {
			isa = XCRemoteSwiftPackageReference;
			repositoryURL = "https://github.com/SDWebImage/SDWebImage.git";
			requirement = {
				kind = upToNextMajorVersion;
				minimumVersion = 5.21.1;
			};
		};
		9E88B2E42DC8A62A00410BB1 /* XCRemoteSwiftPackageReference "SnapKit" */ = {
			isa = XCRemoteSwiftPackageReference;
			repositoryURL = "https://github.com/SnapKit/SnapKit.git";
			requirement = {
				kind = upToNextMajorVersion;
				minimumVersion = 5.7.1;
			};
		};
/* End XCRemoteSwiftPackageReference section */

/* Begin XCSwiftPackageProductDependency section */
		9E7AF2B92E4A575E009034ED /* SDWebImage */ = {
			isa = XCSwiftPackageProductDependency;
			package = 9E7AF2B82E4A575E009034ED /* XCRemoteSwiftPackageReference "SDWebImage" */;
			productName = SDWebImage;
		};
		9E88B2E52DC8A62B00410BB1 /* SnapKit */ = {
			isa = XCSwiftPackageProductDependency;
			package = 9E88B2E42DC8A62A00410BB1 /* XCRemoteSwiftPackageReference "SnapKit" */;
			productName = SnapKit;
		};
/* End XCSwiftPackageProductDependency section */
	};
	rootObject = 9E58E6102D975B3A009F59EE /* Project object */;
}
